
Microsoft Visual Studio Solution File, Format Version 12.00
# Visual Studio Version 17
VisualStudioVersion = 17.0.31903.59
MinimumVisualStudioVersion = 10.0.40219.1
Project("{2150E333-8FDC-42A3-9474-1A3956D46DE8}") = "src", "src", "{827E0CD3-B72D-47B6-A68D-7590B98EB39B}"
EndProject
Project("{FAE04EC0-301F-11D3-BF4B-00C04F79EFBC}") = "Naval.Shared", "src\Naval.Shared\Naval.Shared.csproj", "{8A698AA5-6588-46E5-A767-6CC529ED4725}"
EndProject
Project("{FAE04EC0-301F-11D3-BF4B-00C04F79EFBC}") = "Naval.App", "src\Naval.App\Naval.App.csproj", "{E5F17E75-6341-4604-961D-D9AB8F46757C}"
EndProject
Project("{2150E333-8FDC-42A3-9474-1A3956D46DE8}") = "tests", "tests", "{0AB3BF05-4346-4AA6-1389-037BE0695223}"
EndProject
Project("{FAE04EC0-301F-11D3-BF4B-00C04F79EFBC}") = "Naval.Tests", "tests\Naval.Tests\Naval.Tests.csproj", "{A58C598A-7F74-4399-913A-381677319DC6}"
EndProject
Global
	GlobalSection(SolutionConfigurationPlatforms) = preSolution
		Debug|Any CPU = Debug|Any CPU
		Debug|x64 = Debug|x64
		Debug|x86 = Debug|x86
		Release|Any CPU = Release|Any CPU
		Release|x64 = Release|x64
		Release|x86 = Release|x86
	EndGlobalSection
	GlobalSection(ProjectConfigurationPlatforms) = postSolution
		{8A698AA5-6588-46E5-A767-6CC529ED4725}.Debug|Any CPU.ActiveCfg = Debug|Any CPU
		{8A698AA5-6588-46E5-A767-6CC529ED4725}.Debug|Any CPU.Build.0 = Debug|Any CPU
		{8A698AA5-6588-46E5-A767-6CC529ED4725}.Debug|x64.ActiveCfg = Debug|Any CPU
		{8A698AA5-6588-46E5-A767-6CC529ED4725}.Debug|x64.Build.0 = Debug|Any CPU
		{8A698AA5-6588-46E5-A767-6CC529ED4725}.Debug|x86.ActiveCfg = Debug|Any CPU
		{8A698AA5-6588-46E5-A767-6CC529ED4725}.Debug|x86.Build.0 = Debug|Any CPU
		{8A698AA5-6588-46E5-A767-6CC529ED4725}.Release|Any CPU.ActiveCfg = Release|Any CPU
		{8A698AA5-6588-46E5-A767-6CC529ED4725}.Release|Any CPU.Build.0 = Release|Any CPU
		{8A698AA5-6588-46E5-A767-6CC529ED4725}.Release|x64.ActiveCfg = Release|Any CPU
		{8A698AA5-6588-46E5-A767-6CC529ED4725}.Release|x64.Build.0 = Release|Any CPU
		{8A698AA5-6588-46E5-A767-6CC529ED4725}.Release|x86.ActiveCfg = Release|Any CPU
		{8A698AA5-6588-46E5-A767-6CC529ED4725}.Release|x86.Build.0 = Release|Any CPU
		{E5F17E75-6341-4604-961D-D9AB8F46757C}.Debug|Any CPU.ActiveCfg = Debug|Any CPU
		{E5F17E75-6341-4604-961D-D9AB8F46757C}.Debug|Any CPU.Build.0 = Debug|Any CPU
		{E5F17E75-6341-4604-961D-D9AB8F46757C}.Debug|x64.ActiveCfg = Debug|Any CPU
		{E5F17E75-6341-4604-961D-D9AB8F46757C}.Debug|x64.Build.0 = Debug|Any CPU
		{E5F17E75-6341-4604-961D-D9AB8F46757C}.Debug|x86.ActiveCfg = Debug|Any CPU
		{E5F17E75-6341-4604-961D-D9AB8F46757C}.Debug|x86.Build.0 = Debug|Any CPU
		{E5F17E75-6341-4604-961D-D9AB8F46757C}.Release|Any CPU.ActiveCfg = Release|Any CPU
		{E5F17E75-6341-4604-961D-D9AB8F46757C}.Release|Any CPU.Build.0 = Release|Any CPU
		{E5F17E75-6341-4604-961D-D9AB8F46757C}.Release|x64.ActiveCfg = Release|Any CPU
		{E5F17E75-6341-4604-961D-D9AB8F46757C}.Release|x64.Build.0 = Release|Any CPU
		{E5F17E75-6341-4604-961D-D9AB8F46757C}.Release|x86.ActiveCfg = Release|Any CPU
		{E5F17E75-6341-4604-961D-D9AB8F46757C}.Release|x86.Build.0 = Release|Any CPU
		{A58C598A-7F74-4399-913A-381677319DC6}.Debug|Any CPU.ActiveCfg = Debug|Any CPU
		{A58C598A-7F74-4399-913A-381677319DC6}.Debug|Any CPU.Build.0 = Debug|Any CPU
		{A58C598A-7F74-4399-913A-381677319DC6}.Debug|x64.ActiveCfg = Debug|Any CPU
		{A58C598A-7F74-4399-913A-381677319DC6}.Debug|x64.Build.0 = Debug|Any CPU
		{A58C598A-7F74-4399-913A-381677319DC6}.Debug|x86.ActiveCfg = Debug|Any CPU
		{A58C598A-7F74-4399-913A-381677319DC6}.Debug|x86.Build.0 = Debug|Any CPU
		{A58C598A-7F74-4399-913A-381677319DC6}.Release|Any CPU.ActiveCfg = Release|Any CPU
		{A58C598A-7F74-4399-913A-381677319DC6}.Release|Any CPU.Build.0 = Release|Any CPU
		{A58C598A-7F74-4399-913A-381677319DC6}.Release|x64.ActiveCfg = Release|Any CPU
		{A58C598A-7F74-4399-913A-381677319DC6}.Release|x64.Build.0 = Release|Any CPU
		{A58C598A-7F74-4399-913A-381677319DC6}.Release|x86.ActiveCfg = Release|Any CPU
		{A58C598A-7F74-4399-913A-381677319DC6}.Release|x86.Build.0 = Release|Any CPU
	EndGlobalSection
	GlobalSection(SolutionProperties) = preSolution
		HideSolutionNode = FALSE
	EndGlobalSection
	GlobalSection(NestedProjects) = preSolution
		{8A698AA5-6588-46E5-A767-6CC529ED4725} = {827E0CD3-B72D-47B6-A68D-7590B98EB39B}
		{E5F17E75-6341-4604-961D-D9AB8F46757C} = {827E0CD3-B72D-47B6-A68D-7590B98EB39B}
		{A58C598A-7F74-4399-913A-381677319DC6} = {0AB3BF05-4346-4AA6-1389-037BE0695223}
	EndGlobalSection
EndGlobal
